
Microsoft Visual Studio Solution File, Format Version 12.00
# Visual Studio Version 16
VisualStudioVersion = 16.0.30804.86
MinimumVisualStudioVersion = 10.0.40219.1
Project("{9A19103F-16F7-4668-BE54-9A1E7A4F7556}") = "Checkout.PaymentGatway.Core", "Checkout.PaymentGatway.Core\Checkout.PaymentGatway.Core.csproj", "{2BE873DD-3C39-4715-9C78-2BE15BEF210D}"
EndProject
Project("{9A19103F-16F7-4668-BE54-9A1E7A4F7556}") = "Checkout.PaymentGateway.WebAPI", "Checkout.PaymentGateway.WebAPI\Checkout.PaymentGateway.WebAPI.csproj", "{6328C3AA-3823-4EBF-BA53-49ACDECF06A3}"
EndProject
Project("{9A19103F-16F7-4668-BE54-9A1E7A4F7556}") = "Checkout.MockBank.Core", "Checkout.MockBank\Checkout.MockBank.Core.csproj", "{626EC4E7-9901-4B9A-A1CE-3DE6E791D401}"
EndProject
Project("{9A19103F-16F7-4668-BE54-9A1E7A4F7556}") = "Checkout.PaymentGatway.Tests", "Checkout.PaymentGatway.Tests\Checkout.PaymentGatway.Tests.csproj", "{78F15D9B-5D09-412A-9F79-A44DEB4A3225}"
EndProject
Project("{9A19103F-16F7-4668-BE54-9A1E7A4F7556}") = "Checkout.Marchat.Client", "Checkout.Marchat.Client\Checkout.Marchat.Client.csproj", "{8F2ED115-8EE2-409F-80F2-2443BC78ECDE}"
EndProject
Project("{FAE04EC0-301F-11D3-BF4B-00C04F79EFBC}") = "Checkout.PaymentGateway.Data", "Checkout.PaymentGateway.Data\Checkout.PaymentGateway.Data.csproj", "{8618964C-E766-4F0D-81BC-A2F99810AB14}"
EndProject
Global
	GlobalSection(SolutionConfigurationPlatforms) = preSolution
		Debug|Any CPU = Debug|Any CPU
		Release|Any CPU = Release|Any CPU
	EndGlobalSection
	GlobalSection(ProjectConfigurationPlatforms) = postSolution
		{2BE873DD-3C39-4715-9C78-2BE15BEF210D}.Debug|Any CPU.ActiveCfg = Debug|Any CPU
		{2BE873DD-3C39-4715-9C78-2BE15BEF210D}.Debug|Any CPU.Build.0 = Debug|Any CPU
		{2BE873DD-3C39-4715-9C78-2BE15BEF210D}.Release|Any CPU.ActiveCfg = Release|Any CPU
		{2BE873DD-3C39-4715-9C78-2BE15BEF210D}.Release|Any CPU.Build.0 = Release|Any CPU
		{6328C3AA-3823-4EBF-BA53-49ACDECF06A3}.Debug|Any CPU.ActiveCfg = Debug|Any CPU
		{6328C3AA-3823-4EBF-BA53-49ACDECF06A3}.Debug|Any CPU.Build.0 = Debug|Any CPU
		{6328C3AA-3823-4EBF-BA53-49ACDECF06A3}.Release|Any CPU.ActiveCfg = Release|Any CPU
		{6328C3AA-3823-4EBF-BA53-49ACDECF06A3}.Release|Any CPU.Build.0 = Release|Any CPU
		{626EC4E7-9901-4B9A-A1CE-3DE6E791D401}.Debug|Any CPU.ActiveCfg = Debug|Any CPU
		{626EC4E7-9901-4B9A-A1CE-3DE6E791D401}.Debug|Any CPU.Build.0 = Debug|Any CPU
		{626EC4E7-9901-4B9A-A1CE-3DE6E791D401}.Release|Any CPU.ActiveCfg = Release|Any CPU
		{626EC4E7-9901-4B9A-A1CE-3DE6E791D401}.Release|Any CPU.Build.0 = Release|Any CPU
		{78F15D9B-5D09-412A-9F79-A44DEB4A3225}.Debug|Any CPU.ActiveCfg = Debug|Any CPU
		{78F15D9B-5D09-412A-9F79-A44DEB4A3225}.Debug|Any CPU.Build.0 = Debug|Any CPU
		{78F15D9B-5D09-412A-9F79-A44DEB4A3225}.Release|Any CPU.ActiveCfg = Release|Any CPU
		{78F15D9B-5D09-412A-9F79-A44DEB4A3225}.Release|Any CPU.Build.0 = Release|Any CPU
		{8F2ED115-8EE2-409F-80F2-2443BC78ECDE}.Debug|Any CPU.ActiveCfg = Debug|Any CPU
		{8F2ED115-8EE2-409F-80F2-2443BC78ECDE}.Debug|Any CPU.Build.0 = Debug|Any CPU
		{8F2ED115-8EE2-409F-80F2-2443BC78ECDE}.Release|Any CPU.ActiveCfg = Release|Any CPU
		{8F2ED115-8EE2-409F-80F2-2443BC78ECDE}.Release|Any CPU.Build.0 = Release|Any CPU
		{8618964C-E766-4F0D-81BC-A2F99810AB14}.Debug|Any CPU.ActiveCfg = Debug|Any CPU
		{8618964C-E766-4F0D-81BC-A2F99810AB14}.Debug|Any CPU.Build.0 = Debug|Any CPU
		{8618964C-E766-4F0D-81BC-A2F99810AB14}.Release|Any CPU.ActiveCfg = Release|Any CPU
		{8618964C-E766-4F0D-81BC-A2F99810AB14}.Release|Any CPU.Build.0 = Release|Any CPU
	EndGlobalSection
	GlobalSection(SolutionProperties) = preSolution
		HideSolutionNode = FALSE
	EndGlobalSection
	GlobalSection(ExtensibilityGlobals) = postSolution
		SolutionGuid = {BA40789D-4480-4F47-967E-885B54C4A35E}
	EndGlobalSection
EndGlobal
